// !$*UTF8*$!
{
	archiveVersion = 1;
	classes = {
	};
	objectVersion = 50;
	objects = {

/* Begin PBXBuildFile section */
		7B96542422E81E44006BC7AD /* AppDelegate.swift in Sources */ = {isa = PBXBuildFile; fileRef = 7B96542322E81E44006BC7AD /* AppDelegate.swift */; };
		7B96542622E81E44006BC7AD /* Main_VC.swift in Sources */ = {isa = PBXBuildFile; fileRef = 7B96542522E81E44006BC7AD /* Main_VC.swift */; };
		7B96542922E81E44006BC7AD /* Main.storyboard in Resources */ = {isa = PBXBuildFile; fileRef = 7B96542722E81E44006BC7AD /* Main.storyboard */; };
		7B96542B22E81E45006BC7AD /* Assets.xcassets in Resources */ = {isa = PBXBuildFile; fileRef = 7B96542A22E81E45006BC7AD /* Assets.xcassets */; };
		7B96542E22E81E45006BC7AD /* LaunchScreen.storyboard in Resources */ = {isa = PBXBuildFile; fileRef = 7B96542C22E81E45006BC7AD /* LaunchScreen.storyboard */; };
		7B96543922E81E46006BC7AD /* _77_JACKPOTTests.swift in Sources */ = {isa = PBXBuildFile; fileRef = 7B96543822E81E46006BC7AD /* _77_JACKPOTTests.swift */; };
		7B96544422E81E46006BC7AD /* _77_JACKPOTUITests.swift in Sources */ = {isa = PBXBuildFile; fileRef = 7B96544322E81E46006BC7AD /* _77_JACKPOTUITests.swift */; };
		7B96545622E82D99006BC7AD /* Home_VC.swift in Sources */ = {isa = PBXBuildFile; fileRef = 7B96545522E82D99006BC7AD /* Home_VC.swift */; };
		7B96545822E832DD006BC7AD /* label777.swift in Sources */ = {isa = PBXBuildFile; fileRef = 7B96545722E832DD006BC7AD /* label777.swift */; };
/* End PBXBuildFile section */

/* Begin PBXContainerItemProxy section */
		7B96543522E81E46006BC7AD /* PBXContainerItemProxy */ = {
			isa = PBXContainerItemProxy;
			containerPortal = 7B96541822E81E44006BC7AD /* Project object */;
			proxyType = 1;
			remoteGlobalIDString = 7B96541F22E81E44006BC7AD;
			remoteInfo = "777 JACKPOT";
		};
		7B96544022E81E46006BC7AD /* PBXContainerItemProxy */ = {
			isa = PBXContainerItemProxy;
			containerPortal = 7B96541822E81E44006BC7AD /* Project object */;
			proxyType = 1;
			remoteGlobalIDString = 7B96541F22E81E44006BC7AD;
			remoteInfo = "777 JACKPOT";
		};
/* End PBXContainerItemProxy section */

/* Begin PBXFileReference section */
		7B96542022E81E44006BC7AD /* 777 JACKPOT.app */ = {isa = PBXFileReference; explicitFileType = wrapper.application; includeInIndex = 0; path = "777 JACKPOT.app"; sourceTree = BUILT_PRODUCTS_DIR; };
		7B96542322E81E44006BC7AD /* AppDelegate.swift */ = {isa = PBXFileReference; lastKnownFileType = sourcecode.swift; path = AppDelegate.swift; sourceTree = "<group>"; };
		7B96542522E81E44006BC7AD /* Main_VC.swift */ = {isa = PBXFileReference; lastKnownFileType = sourcecode.swift; path = Main_VC.swift; sourceTree = "<group>"; };
		7B96542822E81E44006BC7AD /* Base */ = {isa = PBXFileReference; lastKnownFileType = file.storyboard; name = Base; path = Base.lproj/Main.storyboard; sourceTree = "<group>"; };
		7B96542A22E81E45006BC7AD /* Assets.xcassets */ = {isa = PBXFileReference; lastKnownFileType = folder.assetcatalog; path = Assets.xcassets; sourceTree = "<group>"; };
		7B96542D22E81E45006BC7AD /* Base */ = {isa = PBXFileReference; lastKnownFileType = file.storyboard; name = Base; path = Base.lproj/LaunchScreen.storyboard; sourceTree = "<group>"; };
		7B96542F22E81E45006BC7AD /* Info.plist */ = {isa = PBXFileReference; lastKnownFileType = text.plist.xml; path = Info.plist; sourceTree = "<group>"; };
		7B96543422E81E46006BC7AD /* 777 JACKPOTTests.xctest */ = {isa = PBXFileReference; explicitFileType = wrapper.cfbundle; includeInIndex = 0; path = "777 JACKPOTTests.xctest"; sourceTree = BUILT_PRODUCTS_DIR; };
		7B96543822E81E46006BC7AD /* _77_JACKPOTTests.swift */ = {isa = PBXFileReference; lastKnownFileType = sourcecode.swift; path = _77_JACKPOTTests.swift; sourceTree = "<group>"; };
		7B96543A22E81E46006BC7AD /* Info.plist */ = {isa = PBXFileReference; lastKnownFileType = text.plist.xml; path = Info.plist; sourceTree = "<group>"; };
		7B96543F22E81E46006BC7AD /* 777 JACKPOTUITests.xctest */ = {isa = PBXFileReference; explicitFileType = wrapper.cfbundle; includeInIndex = 0; path = "777 JACKPOTUITests.xctest"; sourceTree = BUILT_PRODUCTS_DIR; };
		7B96544322E81E46006BC7AD /* _77_JACKPOTUITests.swift */ = {isa = PBXFileReference; lastKnownFileType = sourcecode.swift; path = _77_JACKPOTUITests.swift; sourceTree = "<group>"; };
		7B96544522E81E46006BC7AD /* Info.plist */ = {isa = PBXFileReference; lastKnownFileType = text.plist.xml; path = Info.plist; sourceTree = "<group>"; };
		7B96545522E82D99006BC7AD /* Home_VC.swift */ = {isa = PBXFileReference; lastKnownFileType = sourcecode.swift; path = Home_VC.swift; sourceTree = "<group>"; };
		7B96545722E832DD006BC7AD /* label777.swift */ = {isa = PBXFileReference; lastKnownFileType = sourcecode.swift; path = label777.swift; sourceTree = "<group>"; };
/* End PBXFileReference section */

/* Begin PBXFrameworksBuildPhase section */
		7B96541D22E81E44006BC7AD /* Frameworks */ = {
			isa = PBXFrameworksBuildPhase;
			buildActionMask = 2147483647;
			files = (
			);
			runOnlyForDeploymentPostprocessing = 0;
		};
		7B96543122E81E46006BC7AD /* Frameworks */ = {
			isa = PBXFrameworksBuildPhase;
			buildActionMask = 2147483647;
			files = (
			);
			runOnlyForDeploymentPostprocessing = 0;
		};
		7B96543C22E81E46006BC7AD /* Frameworks */ = {
			isa = PBXFrameworksBuildPhase;
			buildActionMask = 2147483647;
			files = (
			);
			runOnlyForDeploymentPostprocessing = 0;
		};
/* End PBXFrameworksBuildPhase section */

/* Begin PBXGroup section */
		7B96541722E81E44006BC7AD = {
			isa = PBXGroup;
			children = (
				7B96542222E81E44006BC7AD /* 777 JACKPOT */,
				7B96543722E81E46006BC7AD /* 777 JACKPOTTests */,
				7B96544222E81E46006BC7AD /* 777 JACKPOTUITests */,
				7B96542122E81E44006BC7AD /* Products */,
			);
			sourceTree = "<group>";
		};
		7B96542122E81E44006BC7AD /* Products */ = {
			isa = PBXGroup;
			children = (
				7B96542022E81E44006BC7AD /* 777 JACKPOT.app */,
				7B96543422E81E46006BC7AD /* 777 JACKPOTTests.xctest */,
				7B96543F22E81E46006BC7AD /* 777 JACKPOTUITests.xctest */,
			);
			name = Products;
			sourceTree = "<group>";
		};
		7B96542222E81E44006BC7AD /* 777 JACKPOT */ = {
			isa = PBXGroup;
			children = (
				7B96542322E81E44006BC7AD /* AppDelegate.swift */,
				7B96545422E81ECB006BC7AD /* storyboards */,
				7B96545322E81EBC006BC7AD /* view */,
				7B96545222E81EB2006BC7AD /* controllers */,
				7B96545122E81EA4006BC7AD /* models */,
				7B96542A22E81E45006BC7AD /* Assets.xcassets */,
				7B96542F22E81E45006BC7AD /* Info.plist */,
			);
			path = "777 JACKPOT";
			sourceTree = "<group>";
		};
		7B96543722E81E46006BC7AD /* 777 JACKPOTTests */ = {
			isa = PBXGroup;
			children = (
				7B96543822E81E46006BC7AD /* _77_JACKPOTTests.swift */,
				7B96543A22E81E46006BC7AD /* Info.plist */,
			);
			path = "777 JACKPOTTests";
			sourceTree = "<group>";
		};
		7B96544222E81E46006BC7AD /* 777 JACKPOTUITests */ = {
			isa = PBXGroup;
			children = (
				7B96544322E81E46006BC7AD /* _77_JACKPOTUITests.swift */,
				7B96544522E81E46006BC7AD /* Info.plist */,
			);
			path = "777 JACKPOTUITests";
			sourceTree = "<group>";
		};
		7B96545122E81EA4006BC7AD /* models */ = {
			isa = PBXGroup;
			children = (
			);
			path = models;
			sourceTree = "<group>";
		};
		7B96545222E81EB2006BC7AD /* controllers */ = {
			isa = PBXGroup;
			children = (
				7B96542522E81E44006BC7AD /* Main_VC.swift */,
				7B96545522E82D99006BC7AD /* Home_VC.swift */,
			);
			path = controllers;
			sourceTree = "<group>";
		};
		7B96545322E81EBC006BC7AD /* view */ = {
			isa = PBXGroup;
			children = (
				7B96545722E832DD006BC7AD /* label777.swift */,
			);
			path = view;
			sourceTree = "<group>";
		};
		7B96545422E81ECB006BC7AD /* storyboards */ = {
			isa = PBXGroup;
			children = (
				7B96542722E81E44006BC7AD /* Main.storyboard */,
				7B96542C22E81E45006BC7AD /* LaunchScreen.storyboard */,
			);
			path = storyboards;
			sourceTree = "<group>";
		};
/* End PBXGroup section */

/* Begin PBXNativeTarget section */
		7B96541F22E81E44006BC7AD /* 777 JACKPOT */ = {
			isa = PBXNativeTarget;
			buildConfigurationList = 7B96544822E81E46006BC7AD /* Build configuration list for PBXNativeTarget "777 JACKPOT" */;
			buildPhases = (
				7B96541C22E81E44006BC7AD /* Sources */,
				7B96541D22E81E44006BC7AD /* Frameworks */,
				7B96541E22E81E44006BC7AD /* Resources */,
			);
			buildRules = (
			);
			dependencies = (
			);
			name = "777 JACKPOT";
			productName = "777 JACKPOT";
			productReference = 7B96542022E81E44006BC7AD /* 777 JACKPOT.app */;
			productType = "com.apple.product-type.application";
		};
		7B96543322E81E46006BC7AD /* 777 JACKPOTTests */ = {
			isa = PBXNativeTarget;
			buildConfigurationList = 7B96544B22E81E46006BC7AD /* Build configuration list for PBXNativeTarget "777 JACKPOTTests" */;
			buildPhases = (
				7B96543022E81E46006BC7AD /* Sources */,
				7B96543122E81E46006BC7AD /* Frameworks */,
				7B96543222E81E46006BC7AD /* Resources */,
			);
			buildRules = (
			);
			dependencies = (
				7B96543622E81E46006BC7AD /* PBXTargetDependency */,
			);
			name = "777 JACKPOTTests";
			productName = "777 JACKPOTTests";
			productReference = 7B96543422E81E46006BC7AD /* 777 JACKPOTTests.xctest */;
			productType = "com.apple.product-type.bundle.unit-test";
		};
		7B96543E22E81E46006BC7AD /* 777 JACKPOTUITests */ = {
			isa = PBXNativeTarget;
			buildConfigurationList = 7B96544E22E81E46006BC7AD /* Build configuration list for PBXNativeTarget "777 JACKPOTUITests" */;
			buildPhases = (
				7B96543B22E81E46006BC7AD /* Sources */,
				7B96543C22E81E46006BC7AD /* Frameworks */,
				7B96543D22E81E46006BC7AD /* Resources */,
			);
			buildRules = (
			);
			dependencies = (
				7B96544122E81E46006BC7AD /* PBXTargetDependency */,
			);
			name = "777 JACKPOTUITests";
			productName = "777 JACKPOTUITests";
			productReference = 7B96543F22E81E46006BC7AD /* 777 JACKPOTUITests.xctest */;
			productType = "com.apple.product-type.bundle.ui-testing";
		};
/* End PBXNativeTarget section */

/* Begin PBXProject section */
		7B96541822E81E44006BC7AD /* Project object */ = {
			isa = PBXProject;
			attributes = {
				LastSwiftUpdateCheck = 1020;
				LastUpgradeCheck = 1020;
				ORGANIZATIONNAME = "Treinetic Macbook 001";
				TargetAttributes = {
					7B96541F22E81E44006BC7AD = {
						CreatedOnToolsVersion = 10.2.1;
					};
					7B96543322E81E46006BC7AD = {
						CreatedOnToolsVersion = 10.2.1;
						TestTargetID = 7B96541F22E81E44006BC7AD;
					};
					7B96543E22E81E46006BC7AD = {
						CreatedOnToolsVersion = 10.2.1;
						TestTargetID = 7B96541F22E81E44006BC7AD;
					};
				};
			};
			buildConfigurationList = 7B96541B22E81E44006BC7AD /* Build configuration list for PBXProject "777 JACKPOT" */;
			compatibilityVersion = "Xcode 9.3";
			developmentRegion = en;
			hasScannedForEncodings = 0;
			knownRegions = (
				en,
				Base,
			);
			mainGroup = 7B96541722E81E44006BC7AD;
			productRefGroup = 7B96542122E81E44006BC7AD /* Products */;
			projectDirPath = "";
			projectRoot = "";
			targets = (
				7B96541F22E81E44006BC7AD /* 777 JACKPOT */,
				7B96543322E81E46006BC7AD /* 777 JACKPOTTests */,
				7B96543E22E81E46006BC7AD /* 777 JACKPOTUITests */,
			);
		};
/* End PBXProject section */

/* Begin PBXResourcesBuildPhase section */
		7B96541E22E81E44006BC7AD /* Resources */ = {
			isa = PBXResourcesBuildPhase;
			buildActionMask = 2147483647;
			files = (
				7B96542E22E81E45006BC7AD /* LaunchScreen.storyboard in Resources */,
				7B96542B22E81E45006BC7AD /* Assets.xcassets in Resources */,
				7B96542922E81E44006BC7AD /* Main.storyboard in Resources */,
			);
			runOnlyForDeploymentPostprocessing = 0;
		};
		7B96543222E81E46006BC7AD /* Resources */ = {
			isa = PBXResourcesBuildPhase;
			buildActionMask = 2147483647;
			files = (
			);
			runOnlyForDeploymentPostprocessing = 0;
		};
		7B96543D22E81E46006BC7AD /* Resources */ = {
			isa = PBXResourcesBuildPhase;
			buildActionMask = 2147483647;
			files = (
			);
			runOnlyForDeploymentPostprocessing = 0;
		};
/* End PBXResourcesBuildPhase section */

/* Begin PBXSourcesBuildPhase section */
		7B96541C22E81E44006BC7AD /* Sources */ = {
			isa = PBXSourcesBuildPhase;
			buildActionMask = 2147483647;
			files = (
				7B96542622E81E44006BC7AD /* Main_VC.swift in Sources */,
				7B96545622E82D99006BC7AD /* Home_VC.swift in Sources */,
				7B96545822E832DD006BC7AD /* label777.swift in Sources */,
				7B96542422E81E44006BC7AD /* AppDelegate.swift in Sources */,
			);
			runOnlyForDeploymentPostprocessing = 0;
		};
		7B96543022E81E46006BC7AD /* Sources */ = {
			isa = PBXSourcesBuildPhase;
			buildActionMask = 2147483647;
			files = (
				7B96543922E81E46006BC7AD /* _77_JACKPOTTests.swift in Sources */,
			);
			runOnlyForDeploymentPostprocessing = 0;
		};
		7B96543B22E81E46006BC7AD /* Sources */ = {
			isa = PBXSourcesBuildPhase;
			buildActionMask = 2147483647;
			files = (
				7B96544422E81E46006BC7AD /* _77_JACKPOTUITests.swift in Sources */,
			);
			runOnlyForDeploymentPostprocessing = 0;
		};
/* End PBXSourcesBuildPhase section */

/* Begin PBXTargetDependency section */
		7B96543622E81E46006BC7AD /* PBXTargetDependency */ = {
			isa = PBXTargetDependency;
			target = 7B96541F22E81E44006BC7AD /* 777 JACKPOT */;
			targetProxy = 7B96543522E81E46006BC7AD /* PBXContainerItemProxy */;
		};
		7B96544122E81E46006BC7AD /* PBXTargetDependency */ = {
			isa = PBXTargetDependency;
			target = 7B96541F22E81E44006BC7AD /* 777 JACKPOT */;
			targetProxy = 7B96544022E81E46006BC7AD /* PBXContainerItemProxy */;
		};
/* End PBXTargetDependency section */

/* Begin PBXVariantGroup section */
		7B96542722E81E44006BC7AD /* Main.storyboard */ = {
			isa = PBXVariantGroup;
			children = (
				7B96542822E81E44006BC7AD /* Base */,
			);
			name = Main.storyboard;
			sourceTree = "<group>";
		};
		7B96542C22E81E45006BC7AD /* LaunchScreen.storyboard */ = {
			isa = PBXVariantGroup;
			children = (
				7B96542D22E81E45006BC7AD /* Base */,
			);
			name = LaunchScreen.storyboard;
			sourceTree = "<group>";
		};
/* End PBXVariantGroup section */

/* Begin XCBuildConfiguration section */
		7B96544622E81E46006BC7AD /* Debug */ = {
			isa = XCBuildConfiguration;
			buildSettings = {
				ALWAYS_SEARCH_USER_PATHS = NO;
				CLANG_ANALYZER_NONNULL = YES;
				CLANG_ANALYZER_NUMBER_OBJECT_CONVERSION = YES_AGGRESSIVE;
				CLANG_CXX_LANGUAGE_STANDARD = "gnu++14";
				CLANG_CXX_LIBRARY = "libc++";
				CLANG_ENABLE_MODULES = YES;
				CLANG_ENABLE_OBJC_ARC = YES;
				CLANG_ENABLE_OBJC_WEAK = YES;
				CLANG_WARN_BLOCK_CAPTURE_AUTORELEASING = YES;
				CLANG_WARN_BOOL_CONVERSION = YES;
				CLANG_WARN_COMMA = YES;
				CLANG_WARN_CONSTANT_CONVERSION = YES;
				CLANG_WARN_DEPRECATED_OBJC_IMPLEMENTATIONS = YES;
				CLANG_WARN_DIRECT_OBJC_ISA_USAGE = YES_ERROR;
				CLANG_WARN_DOCUMENTATION_COMMENTS = YES;
				CLANG_WARN_EMPTY_BODY = YES;
				CLANG_WARN_ENUM_CONVERSION = YES;
				CLANG_WARN_INFINITE_RECURSION = YES;
				CLANG_WARN_INT_CONVERSION = YES;
				CLANG_WARN_NON_LITERAL_NULL_CONVERSION = YES;
				CLANG_WARN_OBJC_IMPLICIT_RETAIN_SELF = YES;
				CLANG_WARN_OBJC_LITERAL_CONVERSION = YES;
				CLANG_WARN_OBJC_ROOT_CLASS = YES_ERROR;
				CLANG_WARN_RANGE_LOOP_ANALYSIS = YES;
				CLANG_WARN_STRICT_PROTOTYPES = YES;
				CLANG_WARN_SUSPICIOUS_MOVE = YES;
				CLANG_WARN_UNGUARDED_AVAILABILITY = YES_AGGRESSIVE;
				CLANG_WARN_UNREACHABLE_CODE = YES;
				CLANG_WARN__DUPLICATE_METHOD_MATCH = YES;
				CODE_SIGN_IDENTITY = "iPhone Developer";
				COPY_PHASE_STRIP = NO;
				DEBUG_INFORMATION_FORMAT = dwarf;
				ENABLE_STRICT_OBJC_MSGSEND = YES;
				ENABLE_TESTABILITY = YES;
				GCC_C_LANGUAGE_STANDARD = gnu11;
				GCC_DYNAMIC_NO_PIC = NO;
				GCC_NO_COMMON_BLOCKS = YES;
				GCC_OPTIMIZATION_LEVEL = 0;
				GCC_PREPROCESSOR_DEFINITIONS = (
					"DEBUG=1",
					"$(inherited)",
				);
				GCC_WARN_64_TO_32_BIT_CONVERSION = YES;
				GCC_WARN_ABOUT_RETURN_TYPE = YES_ERROR;
				GCC_WARN_UNDECLARED_SELECTOR = YES;
				GCC_WARN_UNINITIALIZED_AUTOS = YES_AGGRESSIVE;
				GCC_WARN_UNUSED_FUNCTION = YES;
				GCC_WARN_UNUSED_VARIABLE = YES;
				IPHONEOS_DEPLOYMENT_TARGET = 12.2;
				MTL_ENABLE_DEBUG_INFO = INCLUDE_SOURCE;
				MTL_FAST_MATH = YES;
				ONLY_ACTIVE_ARCH = YES;
				SDKROOT = iphoneos;
				SWIFT_ACTIVE_COMPILATION_CONDITIONS = DEBUG;
				SWIFT_OPTIMIZATION_LEVEL = "-Onone";
			};
			name = Debug;
		};
		7B96544722E81E46006BC7AD /* Release */ = {
			isa = XCBuildConfiguration;
			buildSettings = {
				ALWAYS_SEARCH_USER_PATHS = NO;
				CLANG_ANALYZER_NONNULL = YES;
				CLANG_ANALYZER_NUMBER_OBJECT_CONVERSION = YES_AGGRESSIVE;
				CLANG_CXX_LANGUAGE_STANDARD = "gnu++14";
				CLANG_CXX_LIBRARY = "libc++";
				CLANG_ENABLE_MODULES = YES;
				CLANG_ENABLE_OBJC_ARC = YES;
				CLANG_ENABLE_OBJC_WEAK = YES;
				CLANG_WARN_BLOCK_CAPTURE_AUTORELEASING = YES;
				CLANG_WARN_BOOL_CONVERSION = YES;
				CLANG_WARN_COMMA = YES;
				CLANG_WARN_CONSTANT_CONVERSION = YES;
				CLANG_WARN_DEPRECATED_OBJC_IMPLEMENTATIONS = YES;
				CLANG_WARN_DIRECT_OBJC_ISA_USAGE = YES_ERROR;
				CLANG_WARN_DOCUMENTATION_COMMENTS = YES;
				CLANG_WARN_EMPTY_BODY = YES;
				CLANG_WARN_ENUM_CONVERSION = YES;
				CLANG_WARN_INFINITE_RECURSION = YES;
				CLANG_WARN_INT_CONVERSION = YES;
				CLANG_WARN_NON_LITERAL_NULL_CONVERSION = YES;
				CLANG_WARN_OBJC_IMPLICIT_RETAIN_SELF = YES;
				CLANG_WARN_OBJC_LITERAL_CONVERSION = YES;
				CLANG_WARN_OBJC_ROOT_CLASS = YES_ERROR;
				CLANG_WARN_RANGE_LOOP_ANALYSIS = YES;
				CLANG_WARN_STRICT_PROTOTYPES = YES;
				CLANG_WARN_SUSPICIOUS_MOVE = YES;
				CLANG_WARN_UNGUARDED_AVAILABILITY = YES_AGGRESSIVE;
				CLANG_WARN_UNREACHABLE_CODE = YES;
				CLANG_WARN__DUPLICATE_METHOD_MATCH = YES;
				CODE_SIGN_IDENTITY = "iPhone Developer";
				COPY_PHASE_STRIP = NO;
				DEBUG_INFORMATION_FORMAT = "dwarf-with-dsym";
				ENABLE_NS_ASSERTIONS = NO;
				ENABLE_STRICT_OBJC_MSGSEND = YES;
				GCC_C_LANGUAGE_STANDARD = gnu11;
				GCC_NO_COMMON_BLOCKS = YES;
				GCC_WARN_64_TO_32_BIT_CONVERSION = YES;
				GCC_WARN_ABOUT_RETURN_TYPE = YES_ERROR;
				GCC_WARN_UNDECLARED_SELECTOR = YES;
				GCC_WARN_UNINITIALIZED_AUTOS = YES_AGGRESSIVE;
				GCC_WARN_UNUSED_FUNCTION = YES;
				GCC_WARN_UNUSED_VARIABLE = YES;
				IPHONEOS_DEPLOYMENT_TARGET = 12.2;
				MTL_ENABLE_DEBUG_INFO = NO;
				MTL_FAST_MATH = YES;
				SDKROOT = iphoneos;
				SWIFT_COMPILATION_MODE = wholemodule;
				SWIFT_OPTIMIZATION_LEVEL = "-O";
				VALIDATE_PRODUCT = YES;
			};
			name = Release;
		};
		7B96544922E81E46006BC7AD /* Debug */ = {
			isa = XCBuildConfiguration;
			buildSettings = {
				ASSETCATALOG_COMPILER_APPICON_NAME = AppIcon;
				CODE_SIGN_STYLE = Automatic;
				INFOPLIST_FILE = "777 JACKPOT/Info.plist";
				LD_RUNPATH_SEARCH_PATHS = (
					"$(inherited)",
					"@executable_path/Frameworks",
				);
				PRODUCT_BUNDLE_IDENTIFIER = "com.tg.ravens.005.-77-JACKPOT";
				PRODUCT_NAME = "$(TARGET_NAME)";
				SWIFT_VERSION = 5.0;
				TARGETED_DEVICE_FAMILY = "1,2";
			};
			name = Debug;
		};
		7B96544A22E81E46006BC7AD /* Release */ = {
			isa = XCBuildConfiguration;
			buildSettings = {
				ASSETCATALOG_COMPILER_APPICON_NAME = AppIcon;
				CODE_SIGN_STYLE = Automatic;
				INFOPLIST_FILE = "777 JACKPOT/Info.plist";
				LD_RUNPATH_SEARCH_PATHS = (
					"$(inherited)",
					"@executable_path/Frameworks",
				);
				PRODUCT_BUNDLE_IDENTIFIER = "com.tg.ravens.005.-77-JACKPOT";
				PRODUCT_NAME = "$(TARGET_NAME)";
				SWIFT_VERSION = 5.0;
				TARGETED_DEVICE_FAMILY = "1,2";
			};
			name = Release;
		};
		7B96544C22E81E46006BC7AD /* Debug */ = {
			isa = XCBuildConfiguration;
			buildSettings = {
				ALWAYS_EMBED_SWIFT_STANDARD_LIBRARIES = YES;
				BUNDLE_LOADER = "$(TEST_HOST)";
				CODE_SIGN_STYLE = Automatic;
				INFOPLIST_FILE = "777 JACKPOTTests/Info.plist";
				LD_RUNPATH_SEARCH_PATHS = (
					"$(inherited)",
					"@executable_path/Frameworks",
					"@loader_path/Frameworks",
				);
				PRODUCT_BUNDLE_IDENTIFIER = "com.tg.ravens.005.-77-JACKPOTTests";
				PRODUCT_NAME = "$(TARGET_NAME)";
				SWIFT_VERSION = 5.0;
				TARGETED_DEVICE_FAMILY = "1,2";
				TEST_HOST = "$(BUILT_PRODUCTS_DIR)/777 JACKPOT.app/777 JACKPOT";
			};
			name = Debug;
		};
		7B96544D22E81E46006BC7AD /* Release */ = {
			isa = XCBuildConfiguration;
			buildSettings = {
				ALWAYS_EMBED_SWIFT_STANDARD_LIBRARIES = YES;
				BUNDLE_LOADER = "$(TEST_HOST)";
				CODE_SIGN_STYLE = Automatic;
				INFOPLIST_FILE = "777 JACKPOTTests/Info.plist";
				LD_RUNPATH_SEARCH_PATHS = (
					"$(inherited)",
					"@executable_path/Frameworks",
					"@loader_path/Frameworks",
				);
				PRODUCT_BUNDLE_IDENTIFIER = "com.tg.ravens.005.-77-JACKPOTTests";
				PRODUCT_NAME = "$(TARGET_NAME)";
				SWIFT_VERSION = 5.0;
				TARGETED_DEVICE_FAMILY = "1,2";
				TEST_HOST = "$(BUILT_PRODUCTS_DIR)/777 JACKPOT.app/777 JACKPOT";
			};
			name = Release;
		};
		7B96544F22E81E46006BC7AD /* Debug */ = {
			isa = XCBuildConfiguration;
			buildSettings = {
				ALWAYS_EMBED_SWIFT_STANDARD_LIBRARIES = YES;
				CODE_SIGN_STYLE = Automatic;
				INFOPLIST_FILE = "777 JACKPOTUITests/Info.plist";
				LD_RUNPATH_SEARCH_PATHS = (
					"$(inherited)",
					"@executable_path/Frameworks",
					"@loader_path/Frameworks",
				);
				PRODUCT_BUNDLE_IDENTIFIER = "com.tg.ravens.005.-77-JACKPOTUITests";
				PRODUCT_NAME = "$(TARGET_NAME)";
				SWIFT_VERSION = 5.0;
				TARGETED_DEVICE_FAMILY = "1,2";
				TEST_TARGET_NAME = "777 JACKPOT";
			};
			name = Debug;
		};
		7B96545022E81E46006BC7AD /* Release */ = {
			isa = XCBuildConfiguration;
			buildSettings = {
				ALWAYS_EMBED_SWIFT_STANDARD_LIBRARIES = YES;
				CODE_SIGN_STYLE = Automatic;
				INFOPLIST_FILE = "777 JACKPOTUITests/Info.plist";
				LD_RUNPATH_SEARCH_PATHS = (
					"$(inherited)",
					"@executable_path/Frameworks",
					"@loader_path/Frameworks",
				);
				PRODUCT_BUNDLE_IDENTIFIER = "com.tg.ravens.005.-77-JACKPOTUITests";
				PRODUCT_NAME = "$(TARGET_NAME)";
				SWIFT_VERSION = 5.0;
				TARGETED_DEVICE_FAMILY = "1,2";
				TEST_TARGET_NAME = "777 JACKPOT";
			};
			name = Release;
		};
/* End XCBuildConfiguration section */

/* Begin XCConfigurationList section */
		7B96541B22E81E44006BC7AD /* Build configuration list for PBXProject "777 JACKPOT" */ = {
			isa = XCConfigurationList;
			buildConfigurations = (
				7B96544622E81E46006BC7AD /* Debug */,
				7B96544722E81E46006BC7AD /* Release */,
			);
			defaultConfigurationIsVisible = 0;
			defaultConfigurationName = Release;
		};
		7B96544822E81E46006BC7AD /* Build configuration list for PBXNativeTarget "777 JACKPOT" */ = {
			isa = XCConfigurationList;
			buildConfigurations = (
				7B96544922E81E46006BC7AD /* Debug */,
				7B96544A22E81E46006BC7AD /* Release */,
			);
			defaultConfigurationIsVisible = 0;
			defaultConfigurationName = Release;
		};
		7B96544B22E81E46006BC7AD /* Build configuration list for PBXNativeTarget "777 JACKPOTTests" */ = {
			isa = XCConfigurationList;
			buildConfigurations = (
				7B96544C22E81E46006BC7AD /* Debug */,
				7B96544D22E81E46006BC7AD /* Release */,
			);
			defaultConfigurationIsVisible = 0;
			defaultConfigurationName = Release;
		};
		7B96544E22E81E46006BC7AD /* Build configuration list for PBXNativeTarget "777 JACKPOTUITests" */ = {
			isa = XCConfigurationList;
			buildConfigurations = (
				7B96544F22E81E46006BC7AD /* Debug */,
				7B96545022E81E46006BC7AD /* Release */,
			);
			defaultConfigurationIsVisible = 0;
			defaultConfigurationName = Release;
		};
/* End XCConfigurationList section */
	};
	rootObject = 7B96541822E81E44006BC7AD /* Project object */;
}
